
Microsoft Visual Studio Solution File, Format Version 12.00
# Visual Studio Version 16
VisualStudioVersion = 25.0.1706.4
MinimumVisualStudioVersion = 10.0.40219.1
Project("{FAE04EC0-301F-11D3-BF4B-00C04F79EFBC}") = "Peace.Lifelog.DataAccess", "Peace.Lifelog.DataAccess\Peace.Lifelog.DataAccess.csproj", "{1DC3BC70-8AE4-4D69-A514-F5BE24BC67C9}"
EndProject
Project("{FAE04EC0-301F-11D3-BF4B-00C04F79EFBC}") = "Peace.Lifelog.Logging", "Peace.Lifelog.Logging\Peace.Lifelog.Logging.csproj", "{0F05D32E-43F1-4423-9420-4C96151641EF}"
EndProject
Project("{FAE04EC0-301F-11D3-BF4B-00C04F79EFBC}") = "Peace.Lifelog.TestConsole", "Peace.Lifelog.TestConsole\Peace.Lifelog.TestConsole.csproj", "{F9E71597-403F-47CE-98F2-76890CC2F9C7}"
EndProject
Global
	GlobalSection(SolutionConfigurationPlatforms) = preSolution
		Debug|Any CPU = Debug|Any CPU
		Release|Any CPU = Release|Any CPU
	EndGlobalSection
	GlobalSection(ProjectConfigurationPlatforms) = postSolution
		{1DC3BC70-8AE4-4D69-A514-F5BE24BC67C9}.Debug|Any CPU.ActiveCfg = Debug|Any CPU
		{1DC3BC70-8AE4-4D69-A514-F5BE24BC67C9}.Debug|Any CPU.Build.0 = Debug|Any CPU
		{1DC3BC70-8AE4-4D69-A514-F5BE24BC67C9}.Release|Any CPU.ActiveCfg = Release|Any CPU
		{1DC3BC70-8AE4-4D69-A514-F5BE24BC67C9}.Release|Any CPU.Build.0 = Release|Any CPU
		{0F05D32E-43F1-4423-9420-4C96151641EF}.Debug|Any CPU.ActiveCfg = Debug|Any CPU
		{0F05D32E-43F1-4423-9420-4C96151641EF}.Debug|Any CPU.Build.0 = Debug|Any CPU
		{0F05D32E-43F1-4423-9420-4C96151641EF}.Release|Any CPU.ActiveCfg = Release|Any CPU
		{0F05D32E-43F1-4423-9420-4C96151641EF}.Release|Any CPU.Build.0 = Release|Any CPU
		{F9E71597-403F-47CE-98F2-76890CC2F9C7}.Debug|Any CPU.ActiveCfg = Debug|Any CPU
		{F9E71597-403F-47CE-98F2-76890CC2F9C7}.Debug|Any CPU.Build.0 = Debug|Any CPU
		{F9E71597-403F-47CE-98F2-76890CC2F9C7}.Release|Any CPU.ActiveCfg = Release|Any CPU
		{F9E71597-403F-47CE-98F2-76890CC2F9C7}.Release|Any CPU.Build.0 = Release|Any CPU
	EndGlobalSection
	GlobalSection(SolutionProperties) = preSolution
		HideSolutionNode = FALSE
	EndGlobalSection
	GlobalSection(ExtensibilityGlobals) = postSolution
		SolutionGuid = {BFF28296-AF6E-49A8-A710-DB67BF198FE0}
	EndGlobalSection
EndGlobal
