
Microsoft Visual Studio Solution File, Format Version 12.00
# Visual Studio Version 17
VisualStudioVersion = 17.7.34031.279
MinimumVisualStudioVersion = 10.0.40219.1
Project("{FAE04EC0-301F-11D3-BF4B-00C04F79EFBC}") = "Peace.Logging.DataAccess", "Peace.Logging.DataAccess\Peace.Logging.DataAccess.csproj", "{CABC9B66-66D2-4759-9768-949AEECF8876}"
EndProject
Project("{FAE04EC0-301F-11D3-BF4B-00C04F79EFBC}") = "Peace.Console", "Peace.Console\Peace.Console.csproj", "{B187A8D5-5D70-47D1-9409-1640FE3CC83E}"
EndProject
Project("{FAE04EC0-301F-11D3-BF4B-00C04F79EFBC}") = "Peace.Logging", "Peace.Logging\Peace.Logging.csproj", "{42C38AB8-CC7B-4E32-A0EC-E0F911741E6F}"
EndProject
Global
	GlobalSection(SolutionConfigurationPlatforms) = preSolution
		Debug|Any CPU = Debug|Any CPU
		Release|Any CPU = Release|Any CPU
	EndGlobalSection
	GlobalSection(ProjectConfigurationPlatforms) = postSolution
		{CABC9B66-66D2-4759-9768-949AEECF8876}.Debug|Any CPU.ActiveCfg = Debug|Any CPU
		{CABC9B66-66D2-4759-9768-949AEECF8876}.Debug|Any CPU.Build.0 = Debug|Any CPU
		{CABC9B66-66D2-4759-9768-949AEECF8876}.Release|Any CPU.ActiveCfg = Release|Any CPU
		{CABC9B66-66D2-4759-9768-949AEECF8876}.Release|Any CPU.Build.0 = Release|Any CPU
		{B187A8D5-5D70-47D1-9409-1640FE3CC83E}.Debug|Any CPU.ActiveCfg = Debug|Any CPU
		{B187A8D5-5D70-47D1-9409-1640FE3CC83E}.Debug|Any CPU.Build.0 = Debug|Any CPU
		{B187A8D5-5D70-47D1-9409-1640FE3CC83E}.Release|Any CPU.ActiveCfg = Release|Any CPU
		{B187A8D5-5D70-47D1-9409-1640FE3CC83E}.Release|Any CPU.Build.0 = Release|Any CPU
		{42C38AB8-CC7B-4E32-A0EC-E0F911741E6F}.Debug|Any CPU.ActiveCfg = Debug|Any CPU
		{42C38AB8-CC7B-4E32-A0EC-E0F911741E6F}.Debug|Any CPU.Build.0 = Debug|Any CPU
		{42C38AB8-CC7B-4E32-A0EC-E0F911741E6F}.Release|Any CPU.ActiveCfg = Release|Any CPU
		{42C38AB8-CC7B-4E32-A0EC-E0F911741E6F}.Release|Any CPU.Build.0 = Release|Any CPU
	EndGlobalSection
	GlobalSection(SolutionProperties) = preSolution
		HideSolutionNode = FALSE
	EndGlobalSection
	GlobalSection(ExtensibilityGlobals) = postSolution
		SolutionGuid = {19A5BE0F-F647-44DE-A55E-2CDB945A2048}
	EndGlobalSection
EndGlobal
