
Microsoft Visual Studio Solution File, Format Version 12.00
# Visual Studio Version 17
VisualStudioVersion = 17.0.31903.59
MinimumVisualStudioVersion = 10.0.40219.1
Project("{FAE04EC0-301F-11D3-BF4B-00C04F79EFBC}") = "MyLibrary", "MyLibrary\MyLibrary.csproj", "{20392AC1-7197-411B-9B36-3F7E8F7E0B86}"
EndProject
Project("{FAE04EC0-301F-11D3-BF4B-00C04F79EFBC}") = "MyLibraryTest", "MyLibraryTest\MyLibraryTest.csproj", "{B7F8195D-C7C1-4BD1-AB65-2B17D2AEAFE6}"
EndProject
Project("{FAE04EC0-301F-11D3-BF4B-00C04F79EFBC}") = "DomainModels", "DomainModels\DomainModels.csproj", "{BCEBABC9-86ED-4F27-9765-6C8FE97F402E}"
EndProject
Project("{FAE04EC0-301F-11D3-BF4B-00C04F79EFBC}") = "Services", "Services\Services.csproj", "{B3C2E93A-8F9D-4D1B-9C89-2097727BFF91}"
EndProject
Global
	GlobalSection(SolutionConfigurationPlatforms) = preSolution
		Debug|Any CPU = Debug|Any CPU
		Release|Any CPU = Release|Any CPU
	EndGlobalSection
	GlobalSection(SolutionProperties) = preSolution
		HideSolutionNode = FALSE
	EndGlobalSection
	GlobalSection(ProjectConfigurationPlatforms) = postSolution
		{20392AC1-7197-411B-9B36-3F7E8F7E0B86}.Debug|Any CPU.ActiveCfg = Debug|Any CPU
		{20392AC1-7197-411B-9B36-3F7E8F7E0B86}.Debug|Any CPU.Build.0 = Debug|Any CPU
		{20392AC1-7197-411B-9B36-3F7E8F7E0B86}.Release|Any CPU.ActiveCfg = Release|Any CPU
		{20392AC1-7197-411B-9B36-3F7E8F7E0B86}.Release|Any CPU.Build.0 = Release|Any CPU
		{B7F8195D-C7C1-4BD1-AB65-2B17D2AEAFE6}.Debug|Any CPU.ActiveCfg = Debug|Any CPU
		{B7F8195D-C7C1-4BD1-AB65-2B17D2AEAFE6}.Debug|Any CPU.Build.0 = Debug|Any CPU
		{B7F8195D-C7C1-4BD1-AB65-2B17D2AEAFE6}.Release|Any CPU.ActiveCfg = Release|Any CPU
		{B7F8195D-C7C1-4BD1-AB65-2B17D2AEAFE6}.Release|Any CPU.Build.0 = Release|Any CPU
		{BCEBABC9-86ED-4F27-9765-6C8FE97F402E}.Debug|Any CPU.ActiveCfg = Debug|Any CPU
		{BCEBABC9-86ED-4F27-9765-6C8FE97F402E}.Debug|Any CPU.Build.0 = Debug|Any CPU
		{BCEBABC9-86ED-4F27-9765-6C8FE97F402E}.Release|Any CPU.ActiveCfg = Release|Any CPU
		{BCEBABC9-86ED-4F27-9765-6C8FE97F402E}.Release|Any CPU.Build.0 = Release|Any CPU
		{B3C2E93A-8F9D-4D1B-9C89-2097727BFF91}.Debug|Any CPU.ActiveCfg = Debug|Any CPU
		{B3C2E93A-8F9D-4D1B-9C89-2097727BFF91}.Debug|Any CPU.Build.0 = Debug|Any CPU
		{B3C2E93A-8F9D-4D1B-9C89-2097727BFF91}.Release|Any CPU.ActiveCfg = Release|Any CPU
		{B3C2E93A-8F9D-4D1B-9C89-2097727BFF91}.Release|Any CPU.Build.0 = Release|Any CPU
	EndGlobalSection
EndGlobal
