
Microsoft Visual Studio Solution File, Format Version 12.00
# Visual Studio Version 17
VisualStudioVersion = 17.0.31903.59
MinimumVisualStudioVersion = 10.0.40219.1
Project("{9A19103F-16F7-4668-BE54-9A1E7A4F7556}") = "Peace.Lifelog.DataAccess", "Peace.Lifelog.DataAccess\Peace.Lifelog.DataAccess.csproj", "{833058D5-4BE0-4ED3-8B41-8A698D0A8A29}"
EndProject
Project("{9A19103F-16F7-4668-BE54-9A1E7A4F7556}") = "Peace.Lifelog.DataAccessTest", "Peace.Lifelog.DataAccessTest\Peace.Lifelog.DataAccessTest.csproj", "{96DCF851-0913-4512-91A7-643558F8788F}"
EndProject
Project("{9A19103F-16F7-4668-BE54-9A1E7A4F7556}") = "DomainModels", "DomainModels\DomainModels.csproj", "{07867BDD-77D1-4DEE-AB8F-7210C27FA36E}"
EndProject
Project("{9A19103F-16F7-4668-BE54-9A1E7A4F7556}") = "Peace.Lifelog.LogService", "Peace.Lifelog.Logservice\Peace.Lifelog.LogService.csproj", "{A5126F41-E294-4E09-8F50-E1DD3EAEF698}"
EndProject
Project("{9A19103F-16F7-4668-BE54-9A1E7A4F7556}") = "Peace.Lifelog.LogServiceTest", "Peace.Lifelog.LogServiceTest\Peace.Lifelog.LogServiceTest.csproj", "{FEE51A60-E2FB-45F8-9DEE-3989121A8706}"
EndProject
Project("{FAE04EC0-301F-11D3-BF4B-00C04F79EFBC}") = "Peace.Lifelog.Security", "Peace.Lifelog.Security\Peace.Lifelog.Security.csproj", "{8C670B3F-AE28-44EC-BBAB-F84C30B08135}"
EndProject
Project("{FAE04EC0-301F-11D3-BF4B-00C04F79EFBC}") = "Peace.Lifelog.SecurityTest", "Peace.Lifelog.SecurityTest\Peace.Lifelog.SecurityTest.csproj", "{22803D1E-58E8-448E-874E-5000097F47C4}"
EndProject
Global
	GlobalSection(SolutionConfigurationPlatforms) = preSolution
		Debug|Any CPU = Debug|Any CPU
		Release|Any CPU = Release|Any CPU
	EndGlobalSection
	GlobalSection(ProjectConfigurationPlatforms) = postSolution
		{833058D5-4BE0-4ED3-8B41-8A698D0A8A29}.Debug|Any CPU.ActiveCfg = Debug|Any CPU
		{833058D5-4BE0-4ED3-8B41-8A698D0A8A29}.Debug|Any CPU.Build.0 = Debug|Any CPU
		{833058D5-4BE0-4ED3-8B41-8A698D0A8A29}.Release|Any CPU.ActiveCfg = Release|Any CPU
		{833058D5-4BE0-4ED3-8B41-8A698D0A8A29}.Release|Any CPU.Build.0 = Release|Any CPU
		{96DCF851-0913-4512-91A7-643558F8788F}.Debug|Any CPU.ActiveCfg = Debug|Any CPU
		{96DCF851-0913-4512-91A7-643558F8788F}.Debug|Any CPU.Build.0 = Debug|Any CPU
		{96DCF851-0913-4512-91A7-643558F8788F}.Release|Any CPU.ActiveCfg = Release|Any CPU
		{96DCF851-0913-4512-91A7-643558F8788F}.Release|Any CPU.Build.0 = Release|Any CPU
		{07867BDD-77D1-4DEE-AB8F-7210C27FA36E}.Debug|Any CPU.ActiveCfg = Debug|Any CPU
		{07867BDD-77D1-4DEE-AB8F-7210C27FA36E}.Debug|Any CPU.Build.0 = Debug|Any CPU
		{07867BDD-77D1-4DEE-AB8F-7210C27FA36E}.Release|Any CPU.ActiveCfg = Release|Any CPU
		{07867BDD-77D1-4DEE-AB8F-7210C27FA36E}.Release|Any CPU.Build.0 = Release|Any CPU
		{A5126F41-E294-4E09-8F50-E1DD3EAEF698}.Debug|Any CPU.ActiveCfg = Debug|Any CPU
		{A5126F41-E294-4E09-8F50-E1DD3EAEF698}.Debug|Any CPU.Build.0 = Debug|Any CPU
		{A5126F41-E294-4E09-8F50-E1DD3EAEF698}.Release|Any CPU.ActiveCfg = Release|Any CPU
		{A5126F41-E294-4E09-8F50-E1DD3EAEF698}.Release|Any CPU.Build.0 = Release|Any CPU
		{FEE51A60-E2FB-45F8-9DEE-3989121A8706}.Debug|Any CPU.ActiveCfg = Debug|Any CPU
		{FEE51A60-E2FB-45F8-9DEE-3989121A8706}.Debug|Any CPU.Build.0 = Debug|Any CPU
		{FEE51A60-E2FB-45F8-9DEE-3989121A8706}.Release|Any CPU.ActiveCfg = Release|Any CPU
		{FEE51A60-E2FB-45F8-9DEE-3989121A8706}.Release|Any CPU.Build.0 = Release|Any CPU
		{8C670B3F-AE28-44EC-BBAB-F84C30B08135}.Debug|Any CPU.ActiveCfg = Debug|Any CPU
		{8C670B3F-AE28-44EC-BBAB-F84C30B08135}.Debug|Any CPU.Build.0 = Debug|Any CPU
		{8C670B3F-AE28-44EC-BBAB-F84C30B08135}.Release|Any CPU.ActiveCfg = Release|Any CPU
		{8C670B3F-AE28-44EC-BBAB-F84C30B08135}.Release|Any CPU.Build.0 = Release|Any CPU
		{22803D1E-58E8-448E-874E-5000097F47C4}.Debug|Any CPU.ActiveCfg = Debug|Any CPU
		{22803D1E-58E8-448E-874E-5000097F47C4}.Debug|Any CPU.Build.0 = Debug|Any CPU
		{22803D1E-58E8-448E-874E-5000097F47C4}.Release|Any CPU.ActiveCfg = Release|Any CPU
		{22803D1E-58E8-448E-874E-5000097F47C4}.Release|Any CPU.Build.0 = Release|Any CPU
	EndGlobalSection
	GlobalSection(SolutionProperties) = preSolution
		HideSolutionNode = FALSE
	EndGlobalSection
	GlobalSection(ExtensibilityGlobals) = postSolution
		SolutionGuid = {F528C9BF-F5C3-451F-910B-6F1BB0611E72}
	EndGlobalSection
EndGlobal
