
Microsoft Visual Studio Solution File, Format Version 12.00
# Visual Studio Version 17
VisualStudioVersion = 17.7.34031.279
MinimumVisualStudioVersion = 10.0.40219.1
Project("{9A19103F-16F7-4668-BE54-9A1E7A4F7556}") = "Peace.Logging.DataAccess", "Peace.DataAccess\Peace.Logging.DataAccess.csproj", "{EE8C3469-E199-4D23-997C-B4CD05D7DA11}"
EndProject
Project("{9A19103F-16F7-4668-BE54-9A1E7A4F7556}") = "Peace.Logging.ConsoleApp", "Peace.ConsoleApp\Peace.Logging.ConsoleApp.csproj", "{761C872E-0607-4A64-BAC6-53C7F208F905}"
EndProject
Project("{9A19103F-16F7-4668-BE54-9A1E7A4F7556}") = "Peace.Logging", "Peace.Logging\Peace.Logging.csproj", "{2CC2D89A-690F-43BA-82DD-655F875C1424}"
EndProject
Global
	GlobalSection(SolutionConfigurationPlatforms) = preSolution
		Debug|Any CPU = Debug|Any CPU
		Release|Any CPU = Release|Any CPU
	EndGlobalSection
	GlobalSection(ProjectConfigurationPlatforms) = postSolution
		{EE8C3469-E199-4D23-997C-B4CD05D7DA11}.Debug|Any CPU.ActiveCfg = Debug|Any CPU
		{EE8C3469-E199-4D23-997C-B4CD05D7DA11}.Debug|Any CPU.Build.0 = Debug|Any CPU
		{EE8C3469-E199-4D23-997C-B4CD05D7DA11}.Release|Any CPU.ActiveCfg = Release|Any CPU
		{EE8C3469-E199-4D23-997C-B4CD05D7DA11}.Release|Any CPU.Build.0 = Release|Any CPU
		{761C872E-0607-4A64-BAC6-53C7F208F905}.Debug|Any CPU.ActiveCfg = Debug|Any CPU
		{761C872E-0607-4A64-BAC6-53C7F208F905}.Debug|Any CPU.Build.0 = Debug|Any CPU
		{761C872E-0607-4A64-BAC6-53C7F208F905}.Release|Any CPU.ActiveCfg = Release|Any CPU
		{761C872E-0607-4A64-BAC6-53C7F208F905}.Release|Any CPU.Build.0 = Release|Any CPU
		{2CC2D89A-690F-43BA-82DD-655F875C1424}.Debug|Any CPU.ActiveCfg = Debug|Any CPU
		{2CC2D89A-690F-43BA-82DD-655F875C1424}.Debug|Any CPU.Build.0 = Debug|Any CPU
		{2CC2D89A-690F-43BA-82DD-655F875C1424}.Release|Any CPU.ActiveCfg = Release|Any CPU
		{2CC2D89A-690F-43BA-82DD-655F875C1424}.Release|Any CPU.Build.0 = Release|Any CPU
	EndGlobalSection
	GlobalSection(SolutionProperties) = preSolution
		HideSolutionNode = FALSE
	EndGlobalSection
	GlobalSection(ExtensibilityGlobals) = postSolution
		SolutionGuid = {0CA6E28A-339C-4A73-8CF3-3CB8DB79F453}
	EndGlobalSection
EndGlobal
